
Microsoft Visual Studio Solution File, Format Version 12.00
# Visual Studio Version 16
VisualStudioVersion = 16.0.30114.105
MinimumVisualStudioVersion = 10.0.40219.1
Project("{FAE04EC0-301F-11D3-BF4B-00C04F79EFBC}") = "ParcialPoo", "ParcialPooReal\ParcialPoo.csproj", "{FAFF55B2-59DE-434A-81AE-FBE3975B53AA}"
EndProject
Global
	GlobalSection(SolutionConfigurationPlatforms) = preSolution
		Debug|Any CPU = Debug|Any CPU
		Release|Any CPU = Release|Any CPU
	EndGlobalSection
	GlobalSection(ProjectConfigurationPlatforms) = postSolution
		{FAFF55B2-59DE-434A-81AE-FBE3975B53AA}.Debug|Any CPU.ActiveCfg = Debug|Any CPU
		{FAFF55B2-59DE-434A-81AE-FBE3975B53AA}.Debug|Any CPU.Build.0 = Debug|Any CPU
		{FAFF55B2-59DE-434A-81AE-FBE3975B53AA}.Release|Any CPU.ActiveCfg = Release|Any CPU
		{FAFF55B2-59DE-434A-81AE-FBE3975B53AA}.Release|Any CPU.Build.0 = Release|Any CPU
	EndGlobalSection
	GlobalSection(SolutionProperties) = preSolution
		HideSolutionNode = FALSE
	EndGlobalSection
	GlobalSection(ExtensibilityGlobals) = postSolution
		SolutionGuid = {F9A49AEE-79FC-4ED7-A039-3BD70DD3F59D}
	EndGlobalSection
EndGlobal
